
Microsoft Visual Studio Solution File, Format Version 12.00
# Visual Studio 15
VisualStudioVersion = 15.0.27130.2027
MinimumVisualStudioVersion = 10.0.40219.1
Project("{9A19103F-16F7-4668-BE54-9A1E7A4F7556}") = "RobesAndArmorGit", "RobesAndArmorGit\RobesAndArmorGit.csproj", "{194A9A92-6AF9-4C96-A8E8-9F09E09CC75A}"
EndProject
Project("{9A19103F-16F7-4668-BE54-9A1E7A4F7556}") = "GameData", "GameData\GameData.csproj", "{F1C24B24-D6E9-417D-854B-C40FEE90FA25}"
EndProject
Project("{FAE04EC0-301F-11D3-BF4B-00C04F79EFBC}") = "TheLogic", "TheLogic\TheLogic.csproj", "{57A741E6-C755-44A1-BE01-90B6243DCECB}"
EndProject
Global
	GlobalSection(SolutionConfigurationPlatforms) = preSolution
		Debug|Any CPU = Debug|Any CPU
		Release|Any CPU = Release|Any CPU
	EndGlobalSection
	GlobalSection(ProjectConfigurationPlatforms) = postSolution
		{194A9A92-6AF9-4C96-A8E8-9F09E09CC75A}.Debug|Any CPU.ActiveCfg = Debug|Any CPU
		{194A9A92-6AF9-4C96-A8E8-9F09E09CC75A}.Debug|Any CPU.Build.0 = Debug|Any CPU
		{194A9A92-6AF9-4C96-A8E8-9F09E09CC75A}.Release|Any CPU.ActiveCfg = Release|Any CPU
		{194A9A92-6AF9-4C96-A8E8-9F09E09CC75A}.Release|Any CPU.Build.0 = Release|Any CPU
		{F1C24B24-D6E9-417D-854B-C40FEE90FA25}.Debug|Any CPU.ActiveCfg = Debug|Any CPU
		{F1C24B24-D6E9-417D-854B-C40FEE90FA25}.Debug|Any CPU.Build.0 = Debug|Any CPU
		{F1C24B24-D6E9-417D-854B-C40FEE90FA25}.Release|Any CPU.ActiveCfg = Release|Any CPU
		{F1C24B24-D6E9-417D-854B-C40FEE90FA25}.Release|Any CPU.Build.0 = Release|Any CPU
		{57A741E6-C755-44A1-BE01-90B6243DCECB}.Debug|Any CPU.ActiveCfg = Debug|Any CPU
		{57A741E6-C755-44A1-BE01-90B6243DCECB}.Debug|Any CPU.Build.0 = Debug|Any CPU
		{57A741E6-C755-44A1-BE01-90B6243DCECB}.Release|Any CPU.ActiveCfg = Release|Any CPU
		{57A741E6-C755-44A1-BE01-90B6243DCECB}.Release|Any CPU.Build.0 = Release|Any CPU
	EndGlobalSection
	GlobalSection(SolutionProperties) = preSolution
		HideSolutionNode = FALSE
	EndGlobalSection
	GlobalSection(ExtensibilityGlobals) = postSolution
		SolutionGuid = {EF0C99FB-0EE1-4588-B769-07123065B432}
	EndGlobalSection
EndGlobal
